
Microsoft Visual Studio Solution File, Format Version 12.00
# Visual Studio Version 17
VisualStudioVersion = 17.11.35222.181
MinimumVisualStudioVersion = 10.0.40219.1
Project("{FAE04EC0-301F-11D3-BF4B-00C04F79EFBC}") = "DependencyHierarchy", "DependencyHierarchy\DependencyHierarchy.csproj", "{327E6C94-9814-4908-AB8D-9CE480C72908}"
EndProject
Project("{FAE04EC0-301F-11D3-BF4B-00C04F79EFBC}") = "WorkspaceResolution", "WorkspaceResolution\WorkspaceResolution.csproj", "{C2CF3EC2-FCED-425A-846D-35856943358D}"
EndProject
Project("{FAE04EC0-301F-11D3-BF4B-00C04F79EFBC}") = "Dependencies", "Dependencies\Dependencies.csproj", "{3713B872-E14A-4CBB-BB38-7BFB5041B907}"
EndProject
Global
	GlobalSection(SolutionConfigurationPlatforms) = preSolution
		Debug|Any CPU = Debug|Any CPU
		Release|Any CPU = Release|Any CPU
	EndGlobalSection
	GlobalSection(ProjectConfigurationPlatforms) = postSolution
		{327E6C94-9814-4908-AB8D-9CE480C72908}.Debug|Any CPU.ActiveCfg = Debug|Any CPU
		{327E6C94-9814-4908-AB8D-9CE480C72908}.Debug|Any CPU.Build.0 = Debug|Any CPU
		{327E6C94-9814-4908-AB8D-9CE480C72908}.Release|Any CPU.ActiveCfg = Release|Any CPU
		{327E6C94-9814-4908-AB8D-9CE480C72908}.Release|Any CPU.Build.0 = Release|Any CPU
		{C2CF3EC2-FCED-425A-846D-35856943358D}.Debug|Any CPU.ActiveCfg = Debug|Any CPU
		{C2CF3EC2-FCED-425A-846D-35856943358D}.Debug|Any CPU.Build.0 = Debug|Any CPU
		{C2CF3EC2-FCED-425A-846D-35856943358D}.Release|Any CPU.ActiveCfg = Release|Any CPU
		{C2CF3EC2-FCED-425A-846D-35856943358D}.Release|Any CPU.Build.0 = Release|Any CPU
		{3713B872-E14A-4CBB-BB38-7BFB5041B907}.Debug|Any CPU.ActiveCfg = Debug|Any CPU
		{3713B872-E14A-4CBB-BB38-7BFB5041B907}.Debug|Any CPU.Build.0 = Debug|Any CPU
		{3713B872-E14A-4CBB-BB38-7BFB5041B907}.Release|Any CPU.ActiveCfg = Release|Any CPU
		{3713B872-E14A-4CBB-BB38-7BFB5041B907}.Release|Any CPU.Build.0 = Release|Any CPU
	EndGlobalSection
	GlobalSection(SolutionProperties) = preSolution
		HideSolutionNode = FALSE
	EndGlobalSection
	GlobalSection(ExtensibilityGlobals) = postSolution
		SolutionGuid = {A76BF45A-4FCA-4E0A-9F35-5E1155A75721}
	EndGlobalSection
EndGlobal
