{
  "version": 1,
  "dependencies": {
    "net9.0": {
      "envdte": {
        "type": "Direct",
        "requested": "[17.14.40260, )",
        "resolved": "17.14.40260",
        "contentHash": "8QsDS8a5ke/1eRdkvQCNEdzGG6wKdyV3smYbFHRVbnUenfmxetk+fHTLWJpjulpX64fP7NA/UC+GFIx4V0ulPQ==",
        "dependencies": {
          "Microsoft.VisualStudio.Interop": "17.14.40260"
        }
      },
      "McMaster.Extensions.CommandLineUtils": {
        "type": "Direct",
        "requested": "[4.1.1, )",
        "resolved": "4.1.1",
        "contentHash": "zxgDY+G5yVq2q8sVB3Z275Qkxed1jC95nwAfnlSyoG4l5Nicvd4+ke1jXusEZEfyuErlAgXCKS937c13FmZWBg==",
        "dependencies": {
          "System.ComponentModel.Annotations": "5.0.0"
        }
      },
      "Microsoft.VisualStudio.Imaging.Interop.14.0.DesignTime": {
        "type": "Transitive",
        "resolved": "17.14.40254",
        "contentHash": "ZwQ7yWYcDLjJbbtOjrbqbxRMCQGDzhm2hkqb+vpxidYjGlMS/5kBT1j5HE7hsZGTm66RtqsK5wz8/1/NYt+wnA=="
      },
      "Microsoft.VisualStudio.Interop": {
        "type": "Transitive",
        "resolved": "17.14.40260",
        "contentHash": "3jG1PSm3mq6SgkT1sKXnukeQxzmm31VEZH+b7EIfyyKOx01fMsr5Iq/sXwW9+4TxDe1sKjbWIJbI5QAkAOCatA==",
        "dependencies": {
          "Microsoft.VisualStudio.Imaging.Interop.14.0.DesignTime": "17.14.40254"
        }
      },
      "System.ComponentModel.Annotations": {
        "type": "Transitive",
        "resolved": "5.0.0",
        "contentHash": "dMkqfy2el8A8/I76n2Hi1oBFEbG1SfxD2l5nhwXV3XjlnOmwxJlQbYpJH4W51odnU9sARCSAgv7S3CyAFMkpYg=="
      },
      "Unfucked": {
        "type": "Transitive",
        "resolved": "0.0.1",
        "contentHash": "6DQUldacvs4Ifaz651ZJr/DxrziI08C30hKLB78sIU46w9lfEcAMIvw5Mf6jxxIcyAoQfkLEMI/bCQSAATRf4Q=="
      },
      "dependencies": {
        "type": "Project",
        "dependencies": {
          "Unfucked": "[0.0.1, )"
        }
      }
    },
    "net9.0/win-x64": {}
  }
}