{
  "version": 1,
  "dependencies": {
    "net10.0": {
      "McMaster.Extensions.CommandLineUtils": {
        "type": "Direct",
        "requested": "[4.1.1, )",
        "resolved": "4.1.1",
        "contentHash": "zxgDY+G5yVq2q8sVB3Z275Qkxed1jC95nwAfnlSyoG4l5Nicvd4+ke1jXusEZEfyuErlAgXCKS937c13FmZWBg==",
        "dependencies": {
          "System.ComponentModel.Annotations": "5.0.0"
        }
      },
      "NuGet.Frameworks": {
        "type": "Direct",
        "requested": "[7.0.0, )",
        "resolved": "7.0.0",
        "contentHash": "y63Mw1UhQ2Qkwj8LBAk9t+ciFd74biaVpFMQywBrCQC7Y53k41qTI5DJKPtnveH65uA2bnj5h30gMI6lMp7Wcg=="
      },
      "NuGet.Versioning": {
        "type": "Direct",
        "requested": "[7.0.0, )",
        "resolved": "7.0.0",
        "contentHash": "vMEhpystjAmHzWARE09PjYMWOiGgM+f9rJYMcXGs8soz9/url4qmU9O9Y+hy22kPuqozCMoGcJt0JzKRZ1woZg=="
      },
      "System.ComponentModel.Annotations": {
        "type": "Transitive",
        "resolved": "5.0.0",
        "contentHash": "dMkqfy2el8A8/I76n2Hi1oBFEbG1SfxD2l5nhwXV3XjlnOmwxJlQbYpJH4W51odnU9sARCSAgv7S3CyAFMkpYg=="
      },
      "ThrottleDebounce": {
        "type": "Transitive",
        "resolved": "3.0.0-beta5",
        "contentHash": "hvmR5CBGzzRAO+jJBkZuPUfXeChZRR9X2vfVLYEo7CffFV2oz4yuX9sj80GqH6oxj5KYXodJ+oGaYOtIE+H5tw=="
      },
      "Unfucked": {
        "type": "Transitive",
        "resolved": "0.0.1-beta.29",
        "contentHash": "BwvicbiYbdSx5FJOorXfng+uidzpoCa49uLNPP6/X8bJHJA8gqbo6FvQruDYrXVX9395jPWPmcha2RjfYI2sGQ=="
      },
      "Unfucked.Caching": {
        "type": "Transitive",
        "resolved": "0.0.1-beta.2",
        "contentHash": "HwQfvuIDHXfTIJgk0pjlN2Qcg72Rg9pwd10jC4rkQ2WWlWlIPhCFGb7kcrGGR8hp+l8moiRFMcVMNSJtqy5DsA=="
      },
      "Unfucked.HTTP": {
        "type": "Transitive",
        "resolved": "0.0.1-beta.22",
        "contentHash": "q6/22H0aX1M+plHpMqHd69TMg/p8Ekft+uW5QsPAK+jamiflNQqLLcQrQwZIH34j0CEk16/4jEDhILlCvEPpYA==",
        "dependencies": {
          "Unfucked": "0.0.1-beta.29"
        }
      },
      "dependencies": {
        "type": "Project",
        "dependencies": {
          "Unfucked": "[0.0.1-beta.29, )"
        }
      },
      "nugetgalleryclient": {
        "type": "Project",
        "dependencies": {
          "ThrottleDebounce": "[3.0.0-beta5, )",
          "Unfucked.Caching": "[0.0.1-beta.2, )",
          "Unfucked.HTTP": "[0.0.1-beta.22, )"
        }
      }
    },
    "net10.0/linux-arm": {},
    "net10.0/linux-arm64": {},
    "net10.0/linux-x64": {},
    "net10.0/linux-x86": {},
    "net10.0/osx-arm64": {},
    "net10.0/osx-x64": {},
    "net10.0/win-arm64": {},
    "net10.0/win-x64": {},
    "net10.0/win-x86": {}
  }
}