{
  "version": 1,
  "dependencies": {
    "net6.0": {
      "DotNet.Glob": {
        "type": "Direct",
        "requested": "[3.1.3, )",
        "resolved": "3.1.3",
        "contentHash": "hOfHw7MLJw/tbXaFwR1oiDb+dIXDp8URTxp5Pco42OOhiw77wrUNx6v6syNygHZbWwYdXQocL2Mo1l5FnfDVjg=="
      },
      "McMaster.Extensions.CommandLineUtils": {
        "type": "Direct",
        "requested": "[5.0.0, )",
        "resolved": "5.0.0",
        "contentHash": "f/oIMg5kL+MmY29jFfWJ8Bv9EzDQidN+eJVN2Fb2e5o2u9zN0QXLVOgxoXLbZLUxOzBmZbuhd+ArAt6amducYw=="
      },
      "Unfucked": {
        "type": "Transitive",
        "resolved": "0.0.1-beta.29",
        "contentHash": "BwvicbiYbdSx5FJOorXfng+uidzpoCa49uLNPP6/X8bJHJA8gqbo6FvQruDYrXVX9395jPWPmcha2RjfYI2sGQ=="
      },
      "dependencies": {
        "type": "Project",
        "dependencies": {
          "Unfucked": "[0.0.1-beta.29, )"
        }
      }
    },
    "net6.0/linux-arm": {},
    "net6.0/linux-arm64": {},
    "net6.0/linux-x64": {},
    "net6.0/linux-x86": {},
    "net6.0/osx-arm64": {},
    "net6.0/osx-x64": {},
    "net6.0/win-arm64": {},
    "net6.0/win-x64": {},
    "net6.0/win-x86": {}
  }
}